
Microsoft Visual Studio Solution File, Format Version 12.00
# Visual Studio Version 17
VisualStudioVersion = 17.9.34616.47
MinimumVisualStudioVersion = 10.0.40219.1
Project("{FAE04EC0-301F-11D3-BF4B-00C04F79EFBC}") = "PersonInfo", "InterfaceIPerson\PersonInfo.csproj", "{3B99D849-257F-462F-8DF7-36716D22EEB1}"
EndProject
Project("{FAE04EC0-301F-11D3-BF4B-00C04F79EFBC}") = "Telephony", "Telephony\Telephony.csproj", "{0534A2CF-5EE5-432B-87CD-C183E10B97B9}"
EndProject
Project("{FAE04EC0-301F-11D3-BF4B-00C04F79EFBC}") = "BorderControl", "BorderControl\BorderControl.csproj", "{6700D7F8-0E21-486C-9A4B-817710EFA04F}"
EndProject
Project("{FAE04EC0-301F-11D3-BF4B-00C04F79EFBC}") = "BirthdayCelebrations", "BirthdayCelebrations\BirthdayCelebrations.csproj", "{B0DAD2F8-95EB-43F0-B22F-C206F4D7A7E2}"
EndProject
Project("{FAE04EC0-301F-11D3-BF4B-00C04F79EFBC}") = "FoodShortage", "FoodShortage\FoodShortage.csproj", "{ADDED85A-FB58-427F-97A0-676CBD7B9914}"
EndProject
Global
	GlobalSection(SolutionConfigurationPlatforms) = preSolution
		Debug|Any CPU = Debug|Any CPU
		Release|Any CPU = Release|Any CPU
	EndGlobalSection
	GlobalSection(ProjectConfigurationPlatforms) = postSolution
		{3B99D849-257F-462F-8DF7-36716D22EEB1}.Debug|Any CPU.ActiveCfg = Debug|Any CPU
		{3B99D849-257F-462F-8DF7-36716D22EEB1}.Debug|Any CPU.Build.0 = Debug|Any CPU
		{3B99D849-257F-462F-8DF7-36716D22EEB1}.Release|Any CPU.ActiveCfg = Release|Any CPU
		{3B99D849-257F-462F-8DF7-36716D22EEB1}.Release|Any CPU.Build.0 = Release|Any CPU
		{0534A2CF-5EE5-432B-87CD-C183E10B97B9}.Debug|Any CPU.ActiveCfg = Debug|Any CPU
		{0534A2CF-5EE5-432B-87CD-C183E10B97B9}.Debug|Any CPU.Build.0 = Debug|Any CPU
		{0534A2CF-5EE5-432B-87CD-C183E10B97B9}.Release|Any CPU.ActiveCfg = Release|Any CPU
		{0534A2CF-5EE5-432B-87CD-C183E10B97B9}.Release|Any CPU.Build.0 = Release|Any CPU
		{6700D7F8-0E21-486C-9A4B-817710EFA04F}.Debug|Any CPU.ActiveCfg = Debug|Any CPU
		{6700D7F8-0E21-486C-9A4B-817710EFA04F}.Debug|Any CPU.Build.0 = Debug|Any CPU
		{6700D7F8-0E21-486C-9A4B-817710EFA04F}.Release|Any CPU.ActiveCfg = Release|Any CPU
		{6700D7F8-0E21-486C-9A4B-817710EFA04F}.Release|Any CPU.Build.0 = Release|Any CPU
		{B0DAD2F8-95EB-43F0-B22F-C206F4D7A7E2}.Debug|Any CPU.ActiveCfg = Debug|Any CPU
		{B0DAD2F8-95EB-43F0-B22F-C206F4D7A7E2}.Debug|Any CPU.Build.0 = Debug|Any CPU
		{B0DAD2F8-95EB-43F0-B22F-C206F4D7A7E2}.Release|Any CPU.ActiveCfg = Release|Any CPU
		{B0DAD2F8-95EB-43F0-B22F-C206F4D7A7E2}.Release|Any CPU.Build.0 = Release|Any CPU
		{ADDED85A-FB58-427F-97A0-676CBD7B9914}.Debug|Any CPU.ActiveCfg = Debug|Any CPU
		{ADDED85A-FB58-427F-97A0-676CBD7B9914}.Debug|Any CPU.Build.0 = Debug|Any CPU
		{ADDED85A-FB58-427F-97A0-676CBD7B9914}.Release|Any CPU.ActiveCfg = Release|Any CPU
		{ADDED85A-FB58-427F-97A0-676CBD7B9914}.Release|Any CPU.Build.0 = Release|Any CPU
	EndGlobalSection
	GlobalSection(SolutionProperties) = preSolution
		HideSolutionNode = FALSE
	EndGlobalSection
	GlobalSection(ExtensibilityGlobals) = postSolution
		SolutionGuid = {1DC19A9A-01A4-4CCB-95BE-C1C0165BD26B}
	EndGlobalSection
EndGlobal
